
Microsoft Visual Studio Solution File, Format Version 12.00
# Visual Studio 14
VisualStudioVersion = 14.0.24720.0
MinimumVisualStudioVersion = 10.0.40219.1
Project("{8BC9CEB8-8B4A-11D0-8D11-00A0C91BC942}") = "Linear Search", "Linear Search\Linear Search.vcxproj", "{2F37B945-512E-485B-9954-94FA4434E335}"
EndProject
Project("{8BC9CEB8-8B4A-11D0-8D11-00A0C91BC942}") = "Is Sorted", "Is Sorted\Is Sorted.vcxproj", "{8F2F5BFD-667E-4A30-BCEC-AF7E3C557977}"
EndProject
Project("{8BC9CEB8-8B4A-11D0-8D11-00A0C91BC942}") = "Implement Vector Class", "Implement Vector Class\Implement Vector Class.vcxproj", "{1177CBE3-BE42-49A6-9C30-167EF62A65EC}"
EndProject
Project("{8BC9CEB8-8B4A-11D0-8D11-00A0C91BC942}") = "Shuffle Vector", "Shuffle Vector\Shuffle Vector.vcxproj", "{3878403C-E111-4F8C-86A4-1EE5581E41D7}"
EndProject
Project("{8BC9CEB8-8B4A-11D0-8D11-00A0C91BC942}") = "New Account Class", "New Account Class\New Account Class.vcxproj", "{B516A8DA-9693-4B44-8A50-A2835F78A1EB}"
EndProject
Global
	GlobalSection(SolutionConfigurationPlatforms) = preSolution
		Debug|x64 = Debug|x64
		Debug|x86 = Debug|x86
		Release|x64 = Release|x64
		Release|x86 = Release|x86
	EndGlobalSection
	GlobalSection(ProjectConfigurationPlatforms) = postSolution
		{2F37B945-512E-485B-9954-94FA4434E335}.Debug|x64.ActiveCfg = Debug|x64
		{2F37B945-512E-485B-9954-94FA4434E335}.Debug|x64.Build.0 = Debug|x64
		{2F37B945-512E-485B-9954-94FA4434E335}.Debug|x86.ActiveCfg = Debug|Win32
		{2F37B945-512E-485B-9954-94FA4434E335}.Debug|x86.Build.0 = Debug|Win32
		{2F37B945-512E-485B-9954-94FA4434E335}.Release|x64.ActiveCfg = Release|x64
		{2F37B945-512E-485B-9954-94FA4434E335}.Release|x64.Build.0 = Release|x64
		{2F37B945-512E-485B-9954-94FA4434E335}.Release|x86.ActiveCfg = Release|Win32
		{2F37B945-512E-485B-9954-94FA4434E335}.Release|x86.Build.0 = Release|Win32
		{8F2F5BFD-667E-4A30-BCEC-AF7E3C557977}.Debug|x64.ActiveCfg = Debug|x64
		{8F2F5BFD-667E-4A30-BCEC-AF7E3C557977}.Debug|x64.Build.0 = Debug|x64
		{8F2F5BFD-667E-4A30-BCEC-AF7E3C557977}.Debug|x86.ActiveCfg = Debug|Win32
		{8F2F5BFD-667E-4A30-BCEC-AF7E3C557977}.Debug|x86.Build.0 = Debug|Win32
		{8F2F5BFD-667E-4A30-BCEC-AF7E3C557977}.Release|x64.ActiveCfg = Release|x64
		{8F2F5BFD-667E-4A30-BCEC-AF7E3C557977}.Release|x64.Build.0 = Release|x64
		{8F2F5BFD-667E-4A30-BCEC-AF7E3C557977}.Release|x86.ActiveCfg = Release|Win32
		{8F2F5BFD-667E-4A30-BCEC-AF7E3C557977}.Release|x86.Build.0 = Release|Win32
		{1177CBE3-BE42-49A6-9C30-167EF62A65EC}.Debug|x64.ActiveCfg = Debug|x64
		{1177CBE3-BE42-49A6-9C30-167EF62A65EC}.Debug|x64.Build.0 = Debug|x64
		{1177CBE3-BE42-49A6-9C30-167EF62A65EC}.Debug|x86.ActiveCfg = Debug|Win32
		{1177CBE3-BE42-49A6-9C30-167EF62A65EC}.Debug|x86.Build.0 = Debug|Win32
		{1177CBE3-BE42-49A6-9C30-167EF62A65EC}.Release|x64.ActiveCfg = Release|x64
		{1177CBE3-BE42-49A6-9C30-167EF62A65EC}.Release|x64.Build.0 = Release|x64
		{1177CBE3-BE42-49A6-9C30-167EF62A65EC}.Release|x86.ActiveCfg = Release|Win32
		{1177CBE3-BE42-49A6-9C30-167EF62A65EC}.Release|x86.Build.0 = Release|Win32
		{3878403C-E111-4F8C-86A4-1EE5581E41D7}.Debug|x64.ActiveCfg = Debug|x64
		{3878403C-E111-4F8C-86A4-1EE5581E41D7}.Debug|x64.Build.0 = Debug|x64
		{3878403C-E111-4F8C-86A4-1EE5581E41D7}.Debug|x86.ActiveCfg = Debug|Win32
		{3878403C-E111-4F8C-86A4-1EE5581E41D7}.Debug|x86.Build.0 = Debug|Win32
		{3878403C-E111-4F8C-86A4-1EE5581E41D7}.Release|x64.ActiveCfg = Release|x64
		{3878403C-E111-4F8C-86A4-1EE5581E41D7}.Release|x64.Build.0 = Release|x64
		{3878403C-E111-4F8C-86A4-1EE5581E41D7}.Release|x86.ActiveCfg = Release|Win32
		{3878403C-E111-4F8C-86A4-1EE5581E41D7}.Release|x86.Build.0 = Release|Win32
		{B516A8DA-9693-4B44-8A50-A2835F78A1EB}.Debug|x64.ActiveCfg = Debug|x64
		{B516A8DA-9693-4B44-8A50-A2835F78A1EB}.Debug|x64.Build.0 = Debug|x64
		{B516A8DA-9693-4B44-8A50-A2835F78A1EB}.Debug|x86.ActiveCfg = Debug|Win32
		{B516A8DA-9693-4B44-8A50-A2835F78A1EB}.Debug|x86.Build.0 = Debug|Win32
		{B516A8DA-9693-4B44-8A50-A2835F78A1EB}.Release|x64.ActiveCfg = Release|x64
		{B516A8DA-9693-4B44-8A50-A2835F78A1EB}.Release|x64.Build.0 = Release|x64
		{B516A8DA-9693-4B44-8A50-A2835F78A1EB}.Release|x86.ActiveCfg = Release|Win32
		{B516A8DA-9693-4B44-8A50-A2835F78A1EB}.Release|x86.Build.0 = Release|Win32
	EndGlobalSection
	GlobalSection(SolutionProperties) = preSolution
		HideSolutionNode = FALSE
	EndGlobalSection
EndGlobal
